// !$*UTF8*$!
{
	archiveVersion = 1;
	classes = {
	};
	objectVersion = 50;
	objects = {

/* Begin PBXBuildFile section */
		8DC59FAF23EFCDFC00D2BC16 /* AppDelegate.swift in Sources */ = {isa = PBXBuildFile; fileRef = 8DC59FAE23EFCDFC00D2BC16 /* AppDelegate.swift */; };
		8DC59FB123EFCDFC00D2BC16 /* SceneDelegate.swift in Sources */ = {isa = PBXBuildFile; fileRef = 8DC59FB023EFCDFC00D2BC16 /* SceneDelegate.swift */; };
		8DC59FB323EFCDFC00D2BC16 /* FirstViewController.swift in Sources */ = {isa = PBXBuildFile; fileRef = 8DC59FB223EFCDFC00D2BC16 /* FirstViewController.swift */; };
		8DC59FB523EFCDFC00D2BC16 /* SecondViewController.swift in Sources */ = {isa = PBXBuildFile; fileRef = 8DC59FB423EFCDFC00D2BC16 /* SecondViewController.swift */; };
		8DC59FB823EFCDFC00D2BC16 /* Main.storyboard in Resources */ = {isa = PBXBuildFile; fileRef = 8DC59FB623EFCDFC00D2BC16 /* Main.storyboard */; };
		8DC59FBB23EFCDFC00D2BC16 /* BottleRocketDemo.xcdatamodeld in Sources */ = {isa = PBXBuildFile; fileRef = 8DC59FB923EFCDFC00D2BC16 /* BottleRocketDemo.xcdatamodeld */; };
		8DC59FBD23EFCDFF00D2BC16 /* Assets.xcassets in Resources */ = {isa = PBXBuildFile; fileRef = 8DC59FBC23EFCDFF00D2BC16 /* Assets.xcassets */; };
		8DC59FC023EFCDFF00D2BC16 /* LaunchScreen.storyboard in Resources */ = {isa = PBXBuildFile; fileRef = 8DC59FBE23EFCDFF00D2BC16 /* LaunchScreen.storyboard */; };
		8DC59FCB23EFCDFF00D2BC16 /* BottleRocketDemoTests.swift in Sources */ = {isa = PBXBuildFile; fileRef = 8DC59FCA23EFCDFF00D2BC16 /* BottleRocketDemoTests.swift */; };
		8DC59FD623EFCDFF00D2BC16 /* BottleRocketDemoUITests.swift in Sources */ = {isa = PBXBuildFile; fileRef = 8DC59FD523EFCDFF00D2BC16 /* BottleRocketDemoUITests.swift */; };
		8DC59FE623F0191B00D2BC16 /* Accelerate.framework in Frameworks */ = {isa = PBXBuildFile; fileRef = 8DC59FE523F0191B00D2BC16 /* Accelerate.framework */; };
		8DC59FE823F0192100D2BC16 /* CoreData.framework in Frameworks */ = {isa = PBXBuildFile; fileRef = 8DC59FE723F0192100D2BC16 /* CoreData.framework */; };
		8DC59FEA23F0192E00D2BC16 /* UIKit.framework in Frameworks */ = {isa = PBXBuildFile; fileRef = 8DC59FE923F0192E00D2BC16 /* UIKit.framework */; };
		8DC59FEC23F0193500D2BC16 /* SystemConfiguration.framework in Frameworks */ = {isa = PBXBuildFile; fileRef = 8DC59FEB23F0193500D2BC16 /* SystemConfiguration.framework */; };
		8DC59FEE23F0193B00D2BC16 /* QuartzCore.framework in Frameworks */ = {isa = PBXBuildFile; fileRef = 8DC59FED23F0193B00D2BC16 /* QuartzCore.framework */; };
		8DC59FF023F0194200D2BC16 /* OpenGLES.framework in Frameworks */ = {isa = PBXBuildFile; fileRef = 8DC59FEF23F0194200D2BC16 /* OpenGLES.framework */; };
		8DC59FF223F0194900D2BC16 /* libz.tbd in Frameworks */ = {isa = PBXBuildFile; fileRef = 8DC59FF123F0194900D2BC16 /* libz.tbd */; };
		8DC59FF423F0195200D2BC16 /* libc++.tbd in Frameworks */ = {isa = PBXBuildFile; fileRef = 8DC59FF323F0195200D2BC16 /* libc++.tbd */; };
		8DC59FF623F0195C00D2BC16 /* ImageIO.framework in Frameworks */ = {isa = PBXBuildFile; fileRef = 8DC59FF523F0195C00D2BC16 /* ImageIO.framework */; };
		8DC59FF823F0196600D2BC16 /* GLKit.framework in Frameworks */ = {isa = PBXBuildFile; fileRef = 8DC59FF723F0196600D2BC16 /* GLKit.framework */; };
		8DC59FFA23F0196F00D2BC16 /* CoreText.framework in Frameworks */ = {isa = PBXBuildFile; fileRef = 8DC59FF923F0196F00D2BC16 /* CoreText.framework */; };
		8DC59FFC23F0197C00D2BC16 /* CoreTelephony.framework in Frameworks */ = {isa = PBXBuildFile; fileRef = 8DC59FFB23F0197C00D2BC16 /* CoreTelephony.framework */; };
		8DC59FFE23F0198400D2BC16 /* CoreLocation.framework in Frameworks */ = {isa = PBXBuildFile; fileRef = 8DC59FFD23F0198400D2BC16 /* CoreLocation.framework */; };
		8DC5A00023F0198C00D2BC16 /* CoreImage.framework in Frameworks */ = {isa = PBXBuildFile; fileRef = 8DC59FFF23F0198C00D2BC16 /* CoreImage.framework */; };
		8DC5A00223F0199300D2BC16 /* CoreGraphics.framework in Frameworks */ = {isa = PBXBuildFile; fileRef = 8DC5A00123F0199300D2BC16 /* CoreGraphics.framework */; };
		8DC5A00423F01A4500D2BC16 /* GoogleMapsBase.framework in Frameworks */ = {isa = PBXBuildFile; fileRef = 8DC5A00323F01A4500D2BC16 /* GoogleMapsBase.framework */; };
		8DC5A00723F01A5C00D2BC16 /* GoogleMapsCore.framework in Frameworks */ = {isa = PBXBuildFile; fileRef = 8DC5A00523F01A5B00D2BC16 /* GoogleMapsCore.framework */; };
		8DC5A00823F01A5C00D2BC16 /* GoogleMaps.framework in Frameworks */ = {isa = PBXBuildFile; fileRef = 8DC5A00623F01A5B00D2BC16 /* GoogleMaps.framework */; };
/* End PBXBuildFile section */

/* Begin PBXContainerItemProxy section */
		8DC59FC723EFCDFF00D2BC16 /* PBXContainerItemProxy */ = {
			isa = PBXContainerItemProxy;
			containerPortal = 8DC59FA323EFCDFC00D2BC16 /* Project object */;
			proxyType = 1;
			remoteGlobalIDString = 8DC59FAA23EFCDFC00D2BC16;
			remoteInfo = BottleRocketDemo;
		};
		8DC59FD223EFCDFF00D2BC16 /* PBXContainerItemProxy */ = {
			isa = PBXContainerItemProxy;
			containerPortal = 8DC59FA323EFCDFC00D2BC16 /* Project object */;
			proxyType = 1;
			remoteGlobalIDString = 8DC59FAA23EFCDFC00D2BC16;
			remoteInfo = BottleRocketDemo;
		};
/* End PBXContainerItemProxy section */

/* Begin PBXFileReference section */
		8DC59FAB23EFCDFC00D2BC16 /* BottleRocketDemo.app */ = {isa = PBXFileReference; explicitFileType = wrapper.application; includeInIndex = 0; path = BottleRocketDemo.app; sourceTree = BUILT_PRODUCTS_DIR; };
		8DC59FAE23EFCDFC00D2BC16 /* AppDelegate.swift */ = {isa = PBXFileReference; lastKnownFileType = sourcecode.swift; path = AppDelegate.swift; sourceTree = "<group>"; };
		8DC59FB023EFCDFC00D2BC16 /* SceneDelegate.swift */ = {isa = PBXFileReference; lastKnownFileType = sourcecode.swift; path = SceneDelegate.swift; sourceTree = "<group>"; };
		8DC59FB223EFCDFC00D2BC16 /* FirstViewController.swift */ = {isa = PBXFileReference; lastKnownFileType = sourcecode.swift; path = FirstViewController.swift; sourceTree = "<group>"; };
		8DC59FB423EFCDFC00D2BC16 /* SecondViewController.swift */ = {isa = PBXFileReference; lastKnownFileType = sourcecode.swift; path = SecondViewController.swift; sourceTree = "<group>"; };
		8DC59FB723EFCDFC00D2BC16 /* Base */ = {isa = PBXFileReference; lastKnownFileType = file.storyboard; name = Base; path = Base.lproj/Main.storyboard; sourceTree = "<group>"; };
		8DC59FBA23EFCDFC00D2BC16 /* BottleRocketDemo.xcdatamodel */ = {isa = PBXFileReference; lastKnownFileType = wrapper.xcdatamodel; path = BottleRocketDemo.xcdatamodel; sourceTree = "<group>"; };
		8DC59FBC23EFCDFF00D2BC16 /* Assets.xcassets */ = {isa = PBXFileReference; lastKnownFileType = folder.assetcatalog; path = Assets.xcassets; sourceTree = "<group>"; };
		8DC59FBF23EFCDFF00D2BC16 /* Base */ = {isa = PBXFileReference; lastKnownFileType = file.storyboard; name = Base; path = Base.lproj/LaunchScreen.storyboard; sourceTree = "<group>"; };
		8DC59FC123EFCDFF00D2BC16 /* Info.plist */ = {isa = PBXFileReference; lastKnownFileType = text.plist.xml; path = Info.plist; sourceTree = "<group>"; };
		8DC59FC623EFCDFF00D2BC16 /* BottleRocketDemoTests.xctest */ = {isa = PBXFileReference; explicitFileType = wrapper.cfbundle; includeInIndex = 0; path = BottleRocketDemoTests.xctest; sourceTree = BUILT_PRODUCTS_DIR; };
		8DC59FCA23EFCDFF00D2BC16 /* BottleRocketDemoTests.swift */ = {isa = PBXFileReference; lastKnownFileType = sourcecode.swift; path = BottleRocketDemoTests.swift; sourceTree = "<group>"; };
		8DC59FCC23EFCDFF00D2BC16 /* Info.plist */ = {isa = PBXFileReference; lastKnownFileType = text.plist.xml; path = Info.plist; sourceTree = "<group>"; };
		8DC59FD123EFCDFF00D2BC16 /* BottleRocketDemoUITests.xctest */ = {isa = PBXFileReference; explicitFileType = wrapper.cfbundle; includeInIndex = 0; path = BottleRocketDemoUITests.xctest; sourceTree = BUILT_PRODUCTS_DIR; };
		8DC59FD523EFCDFF00D2BC16 /* BottleRocketDemoUITests.swift */ = {isa = PBXFileReference; lastKnownFileType = sourcecode.swift; path = BottleRocketDemoUITests.swift; sourceTree = "<group>"; };
		8DC59FD723EFCDFF00D2BC16 /* Info.plist */ = {isa = PBXFileReference; lastKnownFileType = text.plist.xml; path = Info.plist; sourceTree = "<group>"; };
		8DC59FE523F0191B00D2BC16 /* Accelerate.framework */ = {isa = PBXFileReference; lastKnownFileType = wrapper.framework; name = Accelerate.framework; path = System/Library/Frameworks/Accelerate.framework; sourceTree = SDKROOT; };
		8DC59FE723F0192100D2BC16 /* CoreData.framework */ = {isa = PBXFileReference; lastKnownFileType = wrapper.framework; name = CoreData.framework; path = System/Library/Frameworks/CoreData.framework; sourceTree = SDKROOT; };
		8DC59FE923F0192E00D2BC16 /* UIKit.framework */ = {isa = PBXFileReference; lastKnownFileType = wrapper.framework; name = UIKit.framework; path = System/Library/Frameworks/UIKit.framework; sourceTree = SDKROOT; };
		8DC59FEB23F0193500D2BC16 /* SystemConfiguration.framework */ = {isa = PBXFileReference; lastKnownFileType = wrapper.framework; name = SystemConfiguration.framework; path = System/Library/Frameworks/SystemConfiguration.framework; sourceTree = SDKROOT; };
		8DC59FED23F0193B00D2BC16 /* QuartzCore.framework */ = {isa = PBXFileReference; lastKnownFileType = wrapper.framework; name = QuartzCore.framework; path = System/Library/Frameworks/QuartzCore.framework; sourceTree = SDKROOT; };
		8DC59FEF23F0194200D2BC16 /* OpenGLES.framework */ = {isa = PBXFileReference; lastKnownFileType = wrapper.framework; name = OpenGLES.framework; path = System/Library/Frameworks/OpenGLES.framework; sourceTree = SDKROOT; };
		8DC59FF123F0194900D2BC16 /* libz.tbd */ = {isa = PBXFileReference; lastKnownFileType = "sourcecode.text-based-dylib-definition"; name = libz.tbd; path = usr/lib/libz.tbd; sourceTree = SDKROOT; };
		8DC59FF323F0195200D2BC16 /* libc++.tbd */ = {isa = PBXFileReference; lastKnownFileType = "sourcecode.text-based-dylib-definition"; name = "libc++.tbd"; path = "usr/lib/libc++.tbd"; sourceTree = SDKROOT; };
		8DC59FF523F0195C00D2BC16 /* ImageIO.framework */ = {isa = PBXFileReference; lastKnownFileType = wrapper.framework; name = ImageIO.framework; path = System/Library/Frameworks/ImageIO.framework; sourceTree = SDKROOT; };
		8DC59FF723F0196600D2BC16 /* GLKit.framework */ = {isa = PBXFileReference; lastKnownFileType = wrapper.framework; name = GLKit.framework; path = System/Library/Frameworks/GLKit.framework; sourceTree = SDKROOT; };
		8DC59FF923F0196F00D2BC16 /* CoreText.framework */ = {isa = PBXFileReference; lastKnownFileType = wrapper.framework; name = CoreText.framework; path = System/Library/Frameworks/CoreText.framework; sourceTree = SDKROOT; };
		8DC59FFB23F0197C00D2BC16 /* CoreTelephony.framework */ = {isa = PBXFileReference; lastKnownFileType = wrapper.framework; name = CoreTelephony.framework; path = System/Library/Frameworks/CoreTelephony.framework; sourceTree = SDKROOT; };
		8DC59FFD23F0198400D2BC16 /* CoreLocation.framework */ = {isa = PBXFileReference; lastKnownFileType = wrapper.framework; name = CoreLocation.framework; path = System/Library/Frameworks/CoreLocation.framework; sourceTree = SDKROOT; };
		8DC59FFF23F0198C00D2BC16 /* CoreImage.framework */ = {isa = PBXFileReference; lastKnownFileType = wrapper.framework; name = CoreImage.framework; path = System/Library/Frameworks/CoreImage.framework; sourceTree = SDKROOT; };
		8DC5A00123F0199300D2BC16 /* CoreGraphics.framework */ = {isa = PBXFileReference; lastKnownFileType = wrapper.framework; name = CoreGraphics.framework; path = System/Library/Frameworks/CoreGraphics.framework; sourceTree = SDKROOT; };
		8DC5A00323F01A4500D2BC16 /* GoogleMapsBase.framework */ = {isa = PBXFileReference; lastKnownFileType = wrapper.framework; name = GoogleMapsBase.framework; path = GoogleMap/Base/Frameworks/GoogleMapsBase.framework; sourceTree = "<group>"; };
		8DC5A00523F01A5B00D2BC16 /* GoogleMapsCore.framework */ = {isa = PBXFileReference; lastKnownFileType = wrapper.framework; name = GoogleMapsCore.framework; path = GoogleMap/Maps/Frameworks/GoogleMapsCore.framework; sourceTree = "<group>"; };
		8DC5A00623F01A5B00D2BC16 /* GoogleMaps.framework */ = {isa = PBXFileReference; lastKnownFileType = wrapper.framework; name = GoogleMaps.framework; path = GoogleMap/Maps/Frameworks/GoogleMaps.framework; sourceTree = "<group>"; };
/* End PBXFileReference section */

/* Begin PBXFrameworksBuildPhase section */
		8DC59FA823EFCDFC00D2BC16 /* Frameworks */ = {
			isa = PBXFrameworksBuildPhase;
			buildActionMask = 2147483647;
			files = (
				8DC5A00723F01A5C00D2BC16 /* GoogleMapsCore.framework in Frameworks */,
				8DC5A00823F01A5C00D2BC16 /* GoogleMaps.framework in Frameworks */,
				8DC5A00423F01A4500D2BC16 /* GoogleMapsBase.framework in Frameworks */,
				8DC59FE823F0192100D2BC16 /* CoreData.framework in Frameworks */,
				8DC5A00223F0199300D2BC16 /* CoreGraphics.framework in Frameworks */,
				8DC5A00023F0198C00D2BC16 /* CoreImage.framework in Frameworks */,
				8DC59FFE23F0198400D2BC16 /* CoreLocation.framework in Frameworks */,
				8DC59FFC23F0197C00D2BC16 /* CoreTelephony.framework in Frameworks */,
				8DC59FFA23F0196F00D2BC16 /* CoreText.framework in Frameworks */,
				8DC59FF823F0196600D2BC16 /* GLKit.framework in Frameworks */,
				8DC59FF623F0195C00D2BC16 /* ImageIO.framework in Frameworks */,
				8DC59FF423F0195200D2BC16 /* libc++.tbd in Frameworks */,
				8DC59FF223F0194900D2BC16 /* libz.tbd in Frameworks */,
				8DC59FF023F0194200D2BC16 /* OpenGLES.framework in Frameworks */,
				8DC59FEE23F0193B00D2BC16 /* QuartzCore.framework in Frameworks */,
				8DC59FEC23F0193500D2BC16 /* SystemConfiguration.framework in Frameworks */,
				8DC59FEA23F0192E00D2BC16 /* UIKit.framework in Frameworks */,
				8DC59FE623F0191B00D2BC16 /* Accelerate.framework in Frameworks */,
			);
			runOnlyForDeploymentPostprocessing = 0;
		};
		8DC59FC323EFCDFF00D2BC16 /* Frameworks */ = {
			isa = PBXFrameworksBuildPhase;
			buildActionMask = 2147483647;
			files = (
			);
			runOnlyForDeploymentPostprocessing = 0;
		};
		8DC59FCE23EFCDFF00D2BC16 /* Frameworks */ = {
			isa = PBXFrameworksBuildPhase;
			buildActionMask = 2147483647;
			files = (
			);
			runOnlyForDeploymentPostprocessing = 0;
		};
/* End PBXFrameworksBuildPhase section */

/* Begin PBXGroup section */
		8DC59FA223EFCDFC00D2BC16 = {
			isa = PBXGroup;
			children = (
				8DC59FAD23EFCDFC00D2BC16 /* BottleRocketDemo */,
				8DC59FC923EFCDFF00D2BC16 /* BottleRocketDemoTests */,
				8DC59FD423EFCDFF00D2BC16 /* BottleRocketDemoUITests */,
				8DC59FAC23EFCDFC00D2BC16 /* Products */,
				8DC59FE423F0191B00D2BC16 /* Frameworks */,
			);
			sourceTree = "<group>";
		};
		8DC59FAC23EFCDFC00D2BC16 /* Products */ = {
			isa = PBXGroup;
			children = (
				8DC59FAB23EFCDFC00D2BC16 /* BottleRocketDemo.app */,
				8DC59FC623EFCDFF00D2BC16 /* BottleRocketDemoTests.xctest */,
				8DC59FD123EFCDFF00D2BC16 /* BottleRocketDemoUITests.xctest */,
			);
			name = Products;
			sourceTree = "<group>";
		};
		8DC59FAD23EFCDFC00D2BC16 /* BottleRocketDemo */ = {
			isa = PBXGroup;
			children = (
				8DC59FE323EFCF9800D2BC16 /* Misc */,
				8DC59FAE23EFCDFC00D2BC16 /* AppDelegate.swift */,
				8DC59FB023EFCDFC00D2BC16 /* SceneDelegate.swift */,
				8DC59FB223EFCDFC00D2BC16 /* FirstViewController.swift */,
				8DC59FB423EFCDFC00D2BC16 /* SecondViewController.swift */,
				8DC59FB623EFCDFC00D2BC16 /* Main.storyboard */,
				8DC59FBC23EFCDFF00D2BC16 /* Assets.xcassets */,
				8DC59FBE23EFCDFF00D2BC16 /* LaunchScreen.storyboard */,
				8DC59FC123EFCDFF00D2BC16 /* Info.plist */,
				8DC59FB923EFCDFC00D2BC16 /* BottleRocketDemo.xcdatamodeld */,
			);
			path = BottleRocketDemo;
			sourceTree = "<group>";
		};
		8DC59FC923EFCDFF00D2BC16 /* BottleRocketDemoTests */ = {
			isa = PBXGroup;
			children = (
				8DC59FCA23EFCDFF00D2BC16 /* BottleRocketDemoTests.swift */,
				8DC59FCC23EFCDFF00D2BC16 /* Info.plist */,
			);
			path = BottleRocketDemoTests;
			sourceTree = "<group>";
		};
		8DC59FD423EFCDFF00D2BC16 /* BottleRocketDemoUITests */ = {
			isa = PBXGroup;
			children = (
				8DC59FD523EFCDFF00D2BC16 /* BottleRocketDemoUITests.swift */,
				8DC59FD723EFCDFF00D2BC16 /* Info.plist */,
			);
			path = BottleRocketDemoUITests;
			sourceTree = "<group>";
		};
		8DC59FE323EFCF9800D2BC16 /* Misc */ = {
			isa = PBXGroup;
			children = (
			);
			path = Misc;
			sourceTree = "<group>";
		};
		8DC59FE423F0191B00D2BC16 /* Frameworks */ = {
			isa = PBXGroup;
			children = (
				8DC5A00623F01A5B00D2BC16 /* GoogleMaps.framework */,
				8DC5A00523F01A5B00D2BC16 /* GoogleMapsCore.framework */,
				8DC5A00323F01A4500D2BC16 /* GoogleMapsBase.framework */,
				8DC5A00123F0199300D2BC16 /* CoreGraphics.framework */,
				8DC59FFF23F0198C00D2BC16 /* CoreImage.framework */,
				8DC59FFD23F0198400D2BC16 /* CoreLocation.framework */,
				8DC59FFB23F0197C00D2BC16 /* CoreTelephony.framework */,
				8DC59FF923F0196F00D2BC16 /* CoreText.framework */,
				8DC59FF723F0196600D2BC16 /* GLKit.framework */,
				8DC59FF523F0195C00D2BC16 /* ImageIO.framework */,
				8DC59FF323F0195200D2BC16 /* libc++.tbd */,
				8DC59FF123F0194900D2BC16 /* libz.tbd */,
				8DC59FEF23F0194200D2BC16 /* OpenGLES.framework */,
				8DC59FED23F0193B00D2BC16 /* QuartzCore.framework */,
				8DC59FEB23F0193500D2BC16 /* SystemConfiguration.framework */,
				8DC59FE923F0192E00D2BC16 /* UIKit.framework */,
				8DC59FE723F0192100D2BC16 /* CoreData.framework */,
				8DC59FE523F0191B00D2BC16 /* Accelerate.framework */,
			);
			name = Frameworks;
			sourceTree = "<group>";
		};
/* End PBXGroup section */

/* Begin PBXNativeTarget section */
		8DC59FAA23EFCDFC00D2BC16 /* BottleRocketDemo */ = {
			isa = PBXNativeTarget;
			buildConfigurationList = 8DC59FDA23EFCDFF00D2BC16 /* Build configuration list for PBXNativeTarget "BottleRocketDemo" */;
			buildPhases = (
				8DC59FA723EFCDFC00D2BC16 /* Sources */,
				8DC59FA823EFCDFC00D2BC16 /* Frameworks */,
				8DC59FA923EFCDFC00D2BC16 /* Resources */,
			);
			buildRules = (
			);
			dependencies = (
			);
			name = BottleRocketDemo;
			productName = BottleRocketDemo;
			productReference = 8DC59FAB23EFCDFC00D2BC16 /* BottleRocketDemo.app */;
			productType = "com.apple.product-type.application";
		};
		8DC59FC523EFCDFF00D2BC16 /* BottleRocketDemoTests */ = {
			isa = PBXNativeTarget;
			buildConfigurationList = 8DC59FDD23EFCDFF00D2BC16 /* Build configuration list for PBXNativeTarget "BottleRocketDemoTests" */;
			buildPhases = (
				8DC59FC223EFCDFF00D2BC16 /* Sources */,
				8DC59FC323EFCDFF00D2BC16 /* Frameworks */,
				8DC59FC423EFCDFF00D2BC16 /* Resources */,
			);
			buildRules = (
			);
			dependencies = (
				8DC59FC823EFCDFF00D2BC16 /* PBXTargetDependency */,
			);
			name = BottleRocketDemoTests;
			productName = BottleRocketDemoTests;
			productReference = 8DC59FC623EFCDFF00D2BC16 /* BottleRocketDemoTests.xctest */;
			productType = "com.apple.product-type.bundle.unit-test";
		};
		8DC59FD023EFCDFF00D2BC16 /* BottleRocketDemoUITests */ = {
			isa = PBXNativeTarget;
			buildConfigurationList = 8DC59FE023EFCDFF00D2BC16 /* Build configuration list for PBXNativeTarget "BottleRocketDemoUITests" */;
			buildPhases = (
				8DC59FCD23EFCDFF00D2BC16 /* Sources */,
				8DC59FCE23EFCDFF00D2BC16 /* Frameworks */,
				8DC59FCF23EFCDFF00D2BC16 /* Resources */,
			);
			buildRules = (
			);
			dependencies = (
				8DC59FD323EFCDFF00D2BC16 /* PBXTargetDependency */,
			);
			name = BottleRocketDemoUITests;
			productName = BottleRocketDemoUITests;
			productReference = 8DC59FD123EFCDFF00D2BC16 /* BottleRocketDemoUITests.xctest */;
			productType = "com.apple.product-type.bundle.ui-testing";
		};
/* End PBXNativeTarget section */

/* Begin PBXProject section */
		8DC59FA323EFCDFC00D2BC16 /* Project object */ = {
			isa = PBXProject;
			attributes = {
				LastSwiftUpdateCheck = 1130;
				LastUpgradeCheck = 1130;
				ORGANIZATIONNAME = Senthil;
				TargetAttributes = {
					8DC59FAA23EFCDFC00D2BC16 = {
						CreatedOnToolsVersion = 11.3.1;
					};
					8DC59FC523EFCDFF00D2BC16 = {
						CreatedOnToolsVersion = 11.3.1;
						TestTargetID = 8DC59FAA23EFCDFC00D2BC16;
					};
					8DC59FD023EFCDFF00D2BC16 = {
						CreatedOnToolsVersion = 11.3.1;
						TestTargetID = 8DC59FAA23EFCDFC00D2BC16;
					};
				};
			};
			buildConfigurationList = 8DC59FA623EFCDFC00D2BC16 /* Build configuration list for PBXProject "BottleRocketDemo" */;
			compatibilityVersion = "Xcode 9.3";
			developmentRegion = en;
			hasScannedForEncodings = 0;
			knownRegions = (
				en,
				Base,
			);
			mainGroup = 8DC59FA223EFCDFC00D2BC16;
			productRefGroup = 8DC59FAC23EFCDFC00D2BC16 /* Products */;
			projectDirPath = "";
			projectRoot = "";
			targets = (
				8DC59FAA23EFCDFC00D2BC16 /* BottleRocketDemo */,
				8DC59FC523EFCDFF00D2BC16 /* BottleRocketDemoTests */,
				8DC59FD023EFCDFF00D2BC16 /* BottleRocketDemoUITests */,
			);
		};
/* End PBXProject section */

/* Begin PBXResourcesBuildPhase section */
		8DC59FA923EFCDFC00D2BC16 /* Resources */ = {
			isa = PBXResourcesBuildPhase;
			buildActionMask = 2147483647;
			files = (
				8DC59FC023EFCDFF00D2BC16 /* LaunchScreen.storyboard in Resources */,
				8DC59FBD23EFCDFF00D2BC16 /* Assets.xcassets in Resources */,
				8DC59FB823EFCDFC00D2BC16 /* Main.storyboard in Resources */,
			);
			runOnlyForDeploymentPostprocessing = 0;
		};
		8DC59FC423EFCDFF00D2BC16 /* Resources */ = {
			isa = PBXResourcesBuildPhase;
			buildActionMask = 2147483647;
			files = (
			);
			runOnlyForDeploymentPostprocessing = 0;
		};
		8DC59FCF23EFCDFF00D2BC16 /* Resources */ = {
			isa = PBXResourcesBuildPhase;
			buildActionMask = 2147483647;
			files = (
			);
			runOnlyForDeploymentPostprocessing = 0;
		};
/* End PBXResourcesBuildPhase section */

/* Begin PBXSourcesBuildPhase section */
		8DC59FA723EFCDFC00D2BC16 /* Sources */ = {
			isa = PBXSourcesBuildPhase;
			buildActionMask = 2147483647;
			files = (
				8DC59FB523EFCDFC00D2BC16 /* SecondViewController.swift in Sources */,
				8DC59FB323EFCDFC00D2BC16 /* FirstViewController.swift in Sources */,
				8DC59FBB23EFCDFC00D2BC16 /* BottleRocketDemo.xcdatamodeld in Sources */,
				8DC59FAF23EFCDFC00D2BC16 /* AppDelegate.swift in Sources */,
				8DC59FB123EFCDFC00D2BC16 /* SceneDelegate.swift in Sources */,
			);
			runOnlyForDeploymentPostprocessing = 0;
		};
		8DC59FC223EFCDFF00D2BC16 /* Sources */ = {
			isa = PBXSourcesBuildPhase;
			buildActionMask = 2147483647;
			files = (
				8DC59FCB23EFCDFF00D2BC16 /* BottleRocketDemoTests.swift in Sources */,
			);
			runOnlyForDeploymentPostprocessing = 0;
		};
		8DC59FCD23EFCDFF00D2BC16 /* Sources */ = {
			isa = PBXSourcesBuildPhase;
			buildActionMask = 2147483647;
			files = (
				8DC59FD623EFCDFF00D2BC16 /* BottleRocketDemoUITests.swift in Sources */,
			);
			runOnlyForDeploymentPostprocessing = 0;
		};
/* End PBXSourcesBuildPhase section */

/* Begin PBXTargetDependency section */
		8DC59FC823EFCDFF00D2BC16 /* PBXTargetDependency */ = {
			isa = PBXTargetDependency;
			target = 8DC59FAA23EFCDFC00D2BC16 /* BottleRocketDemo */;
			targetProxy = 8DC59FC723EFCDFF00D2BC16 /* PBXContainerItemProxy */;
		};
		8DC59FD323EFCDFF00D2BC16 /* PBXTargetDependency */ = {
			isa = PBXTargetDependency;
			target = 8DC59FAA23EFCDFC00D2BC16 /* BottleRocketDemo */;
			targetProxy = 8DC59FD223EFCDFF00D2BC16 /* PBXContainerItemProxy */;
		};
/* End PBXTargetDependency section */

/* Begin PBXVariantGroup section */
		8DC59FB623EFCDFC00D2BC16 /* Main.storyboard */ = {
			isa = PBXVariantGroup;
			children = (
				8DC59FB723EFCDFC00D2BC16 /* Base */,
			);
			name = Main.storyboard;
			sourceTree = "<group>";
		};
		8DC59FBE23EFCDFF00D2BC16 /* LaunchScreen.storyboard */ = {
			isa = PBXVariantGroup;
			children = (
				8DC59FBF23EFCDFF00D2BC16 /* Base */,
			);
			name = LaunchScreen.storyboard;
			sourceTree = "<group>";
		};
/* End PBXVariantGroup section */

/* Begin XCBuildConfiguration section */
		8DC59FD823EFCDFF00D2BC16 /* Debug */ = {
			isa = XCBuildConfiguration;
			buildSettings = {
				ALWAYS_SEARCH_USER_PATHS = NO;
				CLANG_ANALYZER_NONNULL = YES;
				CLANG_ANALYZER_NUMBER_OBJECT_CONVERSION = YES_AGGRESSIVE;
				CLANG_CXX_LANGUAGE_STANDARD = "gnu++14";
				CLANG_CXX_LIBRARY = "libc++";
				CLANG_ENABLE_MODULES = YES;
				CLANG_ENABLE_OBJC_ARC = YES;
				CLANG_ENABLE_OBJC_WEAK = YES;
				CLANG_WARN_BLOCK_CAPTURE_AUTORELEASING = YES;
				CLANG_WARN_BOOL_CONVERSION = YES;
				CLANG_WARN_COMMA = YES;
				CLANG_WARN_CONSTANT_CONVERSION = YES;
				CLANG_WARN_DEPRECATED_OBJC_IMPLEMENTATIONS = YES;
				CLANG_WARN_DIRECT_OBJC_ISA_USAGE = YES_ERROR;
				CLANG_WARN_DOCUMENTATION_COMMENTS = YES;
				CLANG_WARN_EMPTY_BODY = YES;
				CLANG_WARN_ENUM_CONVERSION = YES;
				CLANG_WARN_INFINITE_RECURSION = YES;
				CLANG_WARN_INT_CONVERSION = YES;
				CLANG_WARN_NON_LITERAL_NULL_CONVERSION = YES;
				CLANG_WARN_OBJC_IMPLICIT_RETAIN_SELF = YES;
				CLANG_WARN_OBJC_LITERAL_CONVERSION = YES;
				CLANG_WARN_OBJC_ROOT_CLASS = YES_ERROR;
				CLANG_WARN_RANGE_LOOP_ANALYSIS = YES;
				CLANG_WARN_STRICT_PROTOTYPES = YES;
				CLANG_WARN_SUSPICIOUS_MOVE = YES;
				CLANG_WARN_UNGUARDED_AVAILABILITY = YES_AGGRESSIVE;
				CLANG_WARN_UNREACHABLE_CODE = YES;
				CLANG_WARN__DUPLICATE_METHOD_MATCH = YES;
				COPY_PHASE_STRIP = NO;
				DEBUG_INFORMATION_FORMAT = dwarf;
				ENABLE_STRICT_OBJC_MSGSEND = YES;
				ENABLE_TESTABILITY = YES;
				GCC_C_LANGUAGE_STANDARD = gnu11;
				GCC_DYNAMIC_NO_PIC = NO;
				GCC_NO_COMMON_BLOCKS = YES;
				GCC_OPTIMIZATION_LEVEL = 0;
				GCC_PREPROCESSOR_DEFINITIONS = (
					"DEBUG=1",
					"$(inherited)",
				);
				GCC_WARN_64_TO_32_BIT_CONVERSION = YES;
				GCC_WARN_ABOUT_RETURN_TYPE = YES_ERROR;
				GCC_WARN_UNDECLARED_SELECTOR = YES;
				GCC_WARN_UNINITIALIZED_AUTOS = YES_AGGRESSIVE;
				GCC_WARN_UNUSED_FUNCTION = YES;
				GCC_WARN_UNUSED_VARIABLE = YES;
				IPHONEOS_DEPLOYMENT_TARGET = 13.2;
				MTL_ENABLE_DEBUG_INFO = INCLUDE_SOURCE;
				MTL_FAST_MATH = YES;
				ONLY_ACTIVE_ARCH = YES;
				SDKROOT = iphoneos;
				SWIFT_ACTIVE_COMPILATION_CONDITIONS = DEBUG;
				SWIFT_OPTIMIZATION_LEVEL = "-Onone";
			};
			name = Debug;
		};
		8DC59FD923EFCDFF00D2BC16 /* Release */ = {
			isa = XCBuildConfiguration;
			buildSettings = {
				ALWAYS_SEARCH_USER_PATHS = NO;
				CLANG_ANALYZER_NONNULL = YES;
				CLANG_ANALYZER_NUMBER_OBJECT_CONVERSION = YES_AGGRESSIVE;
				CLANG_CXX_LANGUAGE_STANDARD = "gnu++14";
				CLANG_CXX_LIBRARY = "libc++";
				CLANG_ENABLE_MODULES = YES;
				CLANG_ENABLE_OBJC_ARC = YES;
				CLANG_ENABLE_OBJC_WEAK = YES;
				CLANG_WARN_BLOCK_CAPTURE_AUTORELEASING = YES;
				CLANG_WARN_BOOL_CONVERSION = YES;
				CLANG_WARN_COMMA = YES;
				CLANG_WARN_CONSTANT_CONVERSION = YES;
				CLANG_WARN_DEPRECATED_OBJC_IMPLEMENTATIONS = YES;
				CLANG_WARN_DIRECT_OBJC_ISA_USAGE = YES_ERROR;
				CLANG_WARN_DOCUMENTATION_COMMENTS = YES;
				CLANG_WARN_EMPTY_BODY = YES;
				CLANG_WARN_ENUM_CONVERSION = YES;
				CLANG_WARN_INFINITE_RECURSION = YES;
				CLANG_WARN_INT_CONVERSION = YES;
				CLANG_WARN_NON_LITERAL_NULL_CONVERSION = YES;
				CLANG_WARN_OBJC_IMPLICIT_RETAIN_SELF = YES;
				CLANG_WARN_OBJC_LITERAL_CONVERSION = YES;
				CLANG_WARN_OBJC_ROOT_CLASS = YES_ERROR;
				CLANG_WARN_RANGE_LOOP_ANALYSIS = YES;
				CLANG_WARN_STRICT_PROTOTYPES = YES;
				CLANG_WARN_SUSPICIOUS_MOVE = YES;
				CLANG_WARN_UNGUARDED_AVAILABILITY = YES_AGGRESSIVE;
				CLANG_WARN_UNREACHABLE_CODE = YES;
				CLANG_WARN__DUPLICATE_METHOD_MATCH = YES;
				COPY_PHASE_STRIP = NO;
				DEBUG_INFORMATION_FORMAT = "dwarf-with-dsym";
				ENABLE_NS_ASSERTIONS = NO;
				ENABLE_STRICT_OBJC_MSGSEND = YES;
				GCC_C_LANGUAGE_STANDARD = gnu11;
				GCC_NO_COMMON_BLOCKS = YES;
				GCC_WARN_64_TO_32_BIT_CONVERSION = YES;
				GCC_WARN_ABOUT_RETURN_TYPE = YES_ERROR;
				GCC_WARN_UNDECLARED_SELECTOR = YES;
				GCC_WARN_UNINITIALIZED_AUTOS = YES_AGGRESSIVE;
				GCC_WARN_UNUSED_FUNCTION = YES;
				GCC_WARN_UNUSED_VARIABLE = YES;
				IPHONEOS_DEPLOYMENT_TARGET = 13.2;
				MTL_ENABLE_DEBUG_INFO = NO;
				MTL_FAST_MATH = YES;
				SDKROOT = iphoneos;
				SWIFT_COMPILATION_MODE = wholemodule;
				SWIFT_OPTIMIZATION_LEVEL = "-O";
				VALIDATE_PRODUCT = YES;
			};
			name = Release;
		};
		8DC59FDB23EFCDFF00D2BC16 /* Debug */ = {
			isa = XCBuildConfiguration;
			buildSettings = {
				ASSETCATALOG_COMPILER_APPICON_NAME = AppIcon;
				CODE_SIGN_STYLE = Automatic;
				FRAMEWORK_SEARCH_PATHS = (
					"$(inherited)",
					"$(PROJECT_DIR)/GoogleMap/Base/Frameworks",
					"$(PROJECT_DIR)/GoogleMap/Maps/Frameworks",
				);
				INFOPLIST_FILE = BottleRocketDemo/Info.plist;
				LD_RUNPATH_SEARCH_PATHS = (
					"$(inherited)",
					"@executable_path/Frameworks",
				);
				OTHER_LDFLAGS = "-ObjC";
				PRODUCT_BUNDLE_IDENTIFIER = com.BottleRocket.BottleRocketDemo;
				PRODUCT_NAME = "$(TARGET_NAME)";
				SWIFT_VERSION = 5.0;
				TARGETED_DEVICE_FAMILY = "1,2";
			};
			name = Debug;
		};
		8DC59FDC23EFCDFF00D2BC16 /* Release */ = {
			isa = XCBuildConfiguration;
			buildSettings = {
				ASSETCATALOG_COMPILER_APPICON_NAME = AppIcon;
				CODE_SIGN_STYLE = Automatic;
				FRAMEWORK_SEARCH_PATHS = (
					"$(inherited)",
					"$(PROJECT_DIR)/GoogleMap/Base/Frameworks",
					"$(PROJECT_DIR)/GoogleMap/Maps/Frameworks",
				);
				INFOPLIST_FILE = BottleRocketDemo/Info.plist;
				LD_RUNPATH_SEARCH_PATHS = (
					"$(inherited)",
					"@executable_path/Frameworks",
				);
				OTHER_LDFLAGS = "-ObjC";
				PRODUCT_BUNDLE_IDENTIFIER = com.BottleRocket.BottleRocketDemo;
				PRODUCT_NAME = "$(TARGET_NAME)";
				SWIFT_VERSION = 5.0;
				TARGETED_DEVICE_FAMILY = "1,2";
			};
			name = Release;
		};
		8DC59FDE23EFCDFF00D2BC16 /* Debug */ = {
			isa = XCBuildConfiguration;
			buildSettings = {
				ALWAYS_EMBED_SWIFT_STANDARD_LIBRARIES = YES;
				BUNDLE_LOADER = "$(TEST_HOST)";
				CODE_SIGN_STYLE = Automatic;
				INFOPLIST_FILE = BottleRocketDemoTests/Info.plist;
				IPHONEOS_DEPLOYMENT_TARGET = 13.2;
				LD_RUNPATH_SEARCH_PATHS = (
					"$(inherited)",
					"@executable_path/Frameworks",
					"@loader_path/Frameworks",
				);
				PRODUCT_BUNDLE_IDENTIFIER = com.BottleRocket.BottleRocketDemoTests;
				PRODUCT_NAME = "$(TARGET_NAME)";
				SWIFT_VERSION = 5.0;
				TARGETED_DEVICE_FAMILY = "1,2";
				TEST_HOST = "$(BUILT_PRODUCTS_DIR)/BottleRocketDemo.app/BottleRocketDemo";
			};
			name = Debug;
		};
		8DC59FDF23EFCDFF00D2BC16 /* Release */ = {
			isa = XCBuildConfiguration;
			buildSettings = {
				ALWAYS_EMBED_SWIFT_STANDARD_LIBRARIES = YES;
				BUNDLE_LOADER = "$(TEST_HOST)";
				CODE_SIGN_STYLE = Automatic;
				INFOPLIST_FILE = BottleRocketDemoTests/Info.plist;
				IPHONEOS_DEPLOYMENT_TARGET = 13.2;
				LD_RUNPATH_SEARCH_PATHS = (
					"$(inherited)",
					"@executable_path/Frameworks",
					"@loader_path/Frameworks",
				);
				PRODUCT_BUNDLE_IDENTIFIER = com.BottleRocket.BottleRocketDemoTests;
				PRODUCT_NAME = "$(TARGET_NAME)";
				SWIFT_VERSION = 5.0;
				TARGETED_DEVICE_FAMILY = "1,2";
				TEST_HOST = "$(BUILT_PRODUCTS_DIR)/BottleRocketDemo.app/BottleRocketDemo";
			};
			name = Release;
		};
		8DC59FE123EFCDFF00D2BC16 /* Debug */ = {
			isa = XCBuildConfiguration;
			buildSettings = {
				ALWAYS_EMBED_SWIFT_STANDARD_LIBRARIES = YES;
				CODE_SIGN_STYLE = Automatic;
				INFOPLIST_FILE = BottleRocketDemoUITests/Info.plist;
				LD_RUNPATH_SEARCH_PATHS = (
					"$(inherited)",
					"@executable_path/Frameworks",
					"@loader_path/Frameworks",
				);
				PRODUCT_BUNDLE_IDENTIFIER = com.BottleRocket.BottleRocketDemoUITests;
				PRODUCT_NAME = "$(TARGET_NAME)";
				SWIFT_VERSION = 5.0;
				TARGETED_DEVICE_FAMILY = "1,2";
				TEST_TARGET_NAME = BottleRocketDemo;
			};
			name = Debug;
		};
		8DC59FE223EFCDFF00D2BC16 /* Release */ = {
			isa = XCBuildConfiguration;
			buildSettings = {
				ALWAYS_EMBED_SWIFT_STANDARD_LIBRARIES = YES;
				CODE_SIGN_STYLE = Automatic;
				INFOPLIST_FILE = BottleRocketDemoUITests/Info.plist;
				LD_RUNPATH_SEARCH_PATHS = (
					"$(inherited)",
					"@executable_path/Frameworks",
					"@loader_path/Frameworks",
				);
				PRODUCT_BUNDLE_IDENTIFIER = com.BottleRocket.BottleRocketDemoUITests;
				PRODUCT_NAME = "$(TARGET_NAME)";
				SWIFT_VERSION = 5.0;
				TARGETED_DEVICE_FAMILY = "1,2";
				TEST_TARGET_NAME = BottleRocketDemo;
			};
			name = Release;
		};
/* End XCBuildConfiguration section */

/* Begin XCConfigurationList section */
		8DC59FA623EFCDFC00D2BC16 /* Build configuration list for PBXProject "BottleRocketDemo" */ = {
			isa = XCConfigurationList;
			buildConfigurations = (
				8DC59FD823EFCDFF00D2BC16 /* Debug */,
				8DC59FD923EFCDFF00D2BC16 /* Release */,
			);
			defaultConfigurationIsVisible = 0;
			defaultConfigurationName = Release;
		};
		8DC59FDA23EFCDFF00D2BC16 /* Build configuration list for PBXNativeTarget "BottleRocketDemo" */ = {
			isa = XCConfigurationList;
			buildConfigurations = (
				8DC59FDB23EFCDFF00D2BC16 /* Debug */,
				8DC59FDC23EFCDFF00D2BC16 /* Release */,
			);
			defaultConfigurationIsVisible = 0;
			defaultConfigurationName = Release;
		};
		8DC59FDD23EFCDFF00D2BC16 /* Build configuration list for PBXNativeTarget "BottleRocketDemoTests" */ = {
			isa = XCConfigurationList;
			buildConfigurations = (
				8DC59FDE23EFCDFF00D2BC16 /* Debug */,
				8DC59FDF23EFCDFF00D2BC16 /* Release */,
			);
			defaultConfigurationIsVisible = 0;
			defaultConfigurationName = Release;
		};
		8DC59FE023EFCDFF00D2BC16 /* Build configuration list for PBXNativeTarget "BottleRocketDemoUITests" */ = {
			isa = XCConfigurationList;
			buildConfigurations = (
				8DC59FE123EFCDFF00D2BC16 /* Debug */,
				8DC59FE223EFCDFF00D2BC16 /* Release */,
			);
			defaultConfigurationIsVisible = 0;
			defaultConfigurationName = Release;
		};
/* End XCConfigurationList section */

/* Begin XCVersionGroup section */
		8DC59FB923EFCDFC00D2BC16 /* BottleRocketDemo.xcdatamodeld */ = {
			isa = XCVersionGroup;
			children = (
				8DC59FBA23EFCDFC00D2BC16 /* BottleRocketDemo.xcdatamodel */,
			);
			currentVersion = 8DC59FBA23EFCDFC00D2BC16 /* BottleRocketDemo.xcdatamodel */;
			path = BottleRocketDemo.xcdatamodeld;
			sourceTree = "<group>";
			versionGroupType = wrapper.xcdatamodel;
		};
/* End XCVersionGroup section */
	};
	rootObject = 8DC59FA323EFCDFC00D2BC16 /* Project object */;
}
